
Microsoft Visual Studio Solution File, Format Version 12.00
# Visual Studio Version 17
VisualStudioVersion = 17.4.33205.214
MinimumVisualStudioVersion = 10.0.40219.1
Project("{9A19103F-16F7-4668-BE54-9A1E7A4F7556}") = "WireDev.Erp.V1.Api", "WireDev.Erp.V2024.Api\WireDev.Erp.V1.Api.csproj", "{AC4CCD91-64F8-4E01-A147-6F4D7092E9A4}"
EndProject
Project("{9A19103F-16F7-4668-BE54-9A1E7A4F7556}") = "WireDev.Erp.V1.Models", "WireDev.Erp.V2024.Models\WireDev.Erp.V1.Models.csproj", "{5473B302-8361-4F0E-B831-EB92C065E738}"
EndProject
Global
	GlobalSection(SolutionConfigurationPlatforms) = preSolution
		Debug|Any CPU = Debug|Any CPU
		Release|Any CPU = Release|Any CPU
	EndGlobalSection
	GlobalSection(ProjectConfigurationPlatforms) = postSolution
		{AC4CCD91-64F8-4E01-A147-6F4D7092E9A4}.Debug|Any CPU.ActiveCfg = Debug|Any CPU
		{AC4CCD91-64F8-4E01-A147-6F4D7092E9A4}.Debug|Any CPU.Build.0 = Debug|Any CPU
		{AC4CCD91-64F8-4E01-A147-6F4D7092E9A4}.Release|Any CPU.ActiveCfg = Release|Any CPU
		{AC4CCD91-64F8-4E01-A147-6F4D7092E9A4}.Release|Any CPU.Build.0 = Release|Any CPU
		{5473B302-8361-4F0E-B831-EB92C065E738}.Debug|Any CPU.ActiveCfg = Debug|Any CPU
		{5473B302-8361-4F0E-B831-EB92C065E738}.Debug|Any CPU.Build.0 = Debug|Any CPU
		{5473B302-8361-4F0E-B831-EB92C065E738}.Release|Any CPU.ActiveCfg = Release|Any CPU
		{5473B302-8361-4F0E-B831-EB92C065E738}.Release|Any CPU.Build.0 = Release|Any CPU
	EndGlobalSection
	GlobalSection(SolutionProperties) = preSolution
		HideSolutionNode = FALSE
	EndGlobalSection
	GlobalSection(ExtensibilityGlobals) = postSolution
		SolutionGuid = {81BCF6EB-B5D5-4488-ADA5-9583A0169440}
	EndGlobalSection
EndGlobal
