
Microsoft Visual Studio Solution File, Format Version 12.00
# Visual Studio Version 17
VisualStudioVersion = 17.4.33205.214
MinimumVisualStudioVersion = 10.0.40219.1
Project("{9A19103F-16F7-4668-BE54-9A1E7A4F7556}") = "WireDev.Erp.V1.Api", "WireDev.Erp.V2024.Api\WireDev.Erp.V1.Api.csproj", "{AC4CCD91-64F8-4E01-A147-6F4D7092E9A4}"
EndProject
Project("{9A19103F-16F7-4668-BE54-9A1E7A4F7556}") = "WireDev.Erp.V1.Models", "WireDev.Erp.V2024.Models\WireDev.Erp.V1.Models.csproj", "{5473B302-8361-4F0E-B831-EB92C065E738}"
EndProject
Project("{9A19103F-16F7-4668-BE54-9A1E7A4F7556}") = "WireDev.Erp.V1.Client.Windows", "WireDev.Erp.V1.Client.Windows\WireDev.Erp.V1.Client.Windows.csproj", "{D97DCDEF-FED1-4A10-983B-1C9A9D298B47}"
EndProject
Project("{FAE04EC0-301F-11D3-BF4B-00C04F79EFBC}") = "WireDev.Erp.V1.Api.Test", "WireDev.Erp.V1.Api.Test\WireDev.Erp.V1.Api.Test.csproj", "{217F6C99-C24E-4D8A-A87E-FA46EF4B6E22}"
EndProject
Global
	GlobalSection(SolutionConfigurationPlatforms) = preSolution
		Debug|Any CPU = Debug|Any CPU
		Debug|ARM = Debug|ARM
		Debug|ARM64 = Debug|ARM64
		Debug|x64 = Debug|x64
		Debug|x86 = Debug|x86
		Release|Any CPU = Release|Any CPU
		Release|ARM = Release|ARM
		Release|ARM64 = Release|ARM64
		Release|x64 = Release|x64
		Release|x86 = Release|x86
	EndGlobalSection
	GlobalSection(ProjectConfigurationPlatforms) = postSolution
		{AC4CCD91-64F8-4E01-A147-6F4D7092E9A4}.Debug|Any CPU.ActiveCfg = Debug|Any CPU
		{AC4CCD91-64F8-4E01-A147-6F4D7092E9A4}.Debug|Any CPU.Build.0 = Debug|Any CPU
		{AC4CCD91-64F8-4E01-A147-6F4D7092E9A4}.Debug|ARM.ActiveCfg = Debug|Any CPU
		{AC4CCD91-64F8-4E01-A147-6F4D7092E9A4}.Debug|ARM.Build.0 = Debug|Any CPU
		{AC4CCD91-64F8-4E01-A147-6F4D7092E9A4}.Debug|ARM64.ActiveCfg = Debug|Any CPU
		{AC4CCD91-64F8-4E01-A147-6F4D7092E9A4}.Debug|ARM64.Build.0 = Debug|Any CPU
		{AC4CCD91-64F8-4E01-A147-6F4D7092E9A4}.Debug|x64.ActiveCfg = Debug|Any CPU
		{AC4CCD91-64F8-4E01-A147-6F4D7092E9A4}.Debug|x64.Build.0 = Debug|Any CPU
		{AC4CCD91-64F8-4E01-A147-6F4D7092E9A4}.Debug|x86.ActiveCfg = Debug|Any CPU
		{AC4CCD91-64F8-4E01-A147-6F4D7092E9A4}.Debug|x86.Build.0 = Debug|Any CPU
		{AC4CCD91-64F8-4E01-A147-6F4D7092E9A4}.Release|Any CPU.ActiveCfg = Release|Any CPU
		{AC4CCD91-64F8-4E01-A147-6F4D7092E9A4}.Release|Any CPU.Build.0 = Release|Any CPU
		{AC4CCD91-64F8-4E01-A147-6F4D7092E9A4}.Release|ARM.ActiveCfg = Release|Any CPU
		{AC4CCD91-64F8-4E01-A147-6F4D7092E9A4}.Release|ARM.Build.0 = Release|Any CPU
		{AC4CCD91-64F8-4E01-A147-6F4D7092E9A4}.Release|ARM64.ActiveCfg = Release|Any CPU
		{AC4CCD91-64F8-4E01-A147-6F4D7092E9A4}.Release|ARM64.Build.0 = Release|Any CPU
		{AC4CCD91-64F8-4E01-A147-6F4D7092E9A4}.Release|x64.ActiveCfg = Release|Any CPU
		{AC4CCD91-64F8-4E01-A147-6F4D7092E9A4}.Release|x64.Build.0 = Release|Any CPU
		{AC4CCD91-64F8-4E01-A147-6F4D7092E9A4}.Release|x86.ActiveCfg = Release|Any CPU
		{AC4CCD91-64F8-4E01-A147-6F4D7092E9A4}.Release|x86.Build.0 = Release|Any CPU
		{5473B302-8361-4F0E-B831-EB92C065E738}.Debug|Any CPU.ActiveCfg = Debug|Any CPU
		{5473B302-8361-4F0E-B831-EB92C065E738}.Debug|Any CPU.Build.0 = Debug|Any CPU
		{5473B302-8361-4F0E-B831-EB92C065E738}.Debug|ARM.ActiveCfg = Debug|Any CPU
		{5473B302-8361-4F0E-B831-EB92C065E738}.Debug|ARM.Build.0 = Debug|Any CPU
		{5473B302-8361-4F0E-B831-EB92C065E738}.Debug|ARM64.ActiveCfg = Debug|Any CPU
		{5473B302-8361-4F0E-B831-EB92C065E738}.Debug|ARM64.Build.0 = Debug|Any CPU
		{5473B302-8361-4F0E-B831-EB92C065E738}.Debug|x64.ActiveCfg = Debug|Any CPU
		{5473B302-8361-4F0E-B831-EB92C065E738}.Debug|x64.Build.0 = Debug|Any CPU
		{5473B302-8361-4F0E-B831-EB92C065E738}.Debug|x86.ActiveCfg = Debug|Any CPU
		{5473B302-8361-4F0E-B831-EB92C065E738}.Debug|x86.Build.0 = Debug|Any CPU
		{5473B302-8361-4F0E-B831-EB92C065E738}.Release|Any CPU.ActiveCfg = Release|Any CPU
		{5473B302-8361-4F0E-B831-EB92C065E738}.Release|Any CPU.Build.0 = Release|Any CPU
		{5473B302-8361-4F0E-B831-EB92C065E738}.Release|ARM.ActiveCfg = Release|Any CPU
		{5473B302-8361-4F0E-B831-EB92C065E738}.Release|ARM.Build.0 = Release|Any CPU
		{5473B302-8361-4F0E-B831-EB92C065E738}.Release|ARM64.ActiveCfg = Release|Any CPU
		{5473B302-8361-4F0E-B831-EB92C065E738}.Release|ARM64.Build.0 = Release|Any CPU
		{5473B302-8361-4F0E-B831-EB92C065E738}.Release|x64.ActiveCfg = Release|Any CPU
		{5473B302-8361-4F0E-B831-EB92C065E738}.Release|x64.Build.0 = Release|Any CPU
		{5473B302-8361-4F0E-B831-EB92C065E738}.Release|x86.ActiveCfg = Release|Any CPU
		{5473B302-8361-4F0E-B831-EB92C065E738}.Release|x86.Build.0 = Release|Any CPU
		{D97DCDEF-FED1-4A10-983B-1C9A9D298B47}.Debug|Any CPU.ActiveCfg = Debug|Any CPU
		{D97DCDEF-FED1-4A10-983B-1C9A9D298B47}.Debug|Any CPU.Build.0 = Debug|Any CPU
		{D97DCDEF-FED1-4A10-983B-1C9A9D298B47}.Debug|ARM.ActiveCfg = Debug|Any CPU
		{D97DCDEF-FED1-4A10-983B-1C9A9D298B47}.Debug|ARM.Build.0 = Debug|Any CPU
		{D97DCDEF-FED1-4A10-983B-1C9A9D298B47}.Debug|ARM64.ActiveCfg = Debug|Any CPU
		{D97DCDEF-FED1-4A10-983B-1C9A9D298B47}.Debug|ARM64.Build.0 = Debug|Any CPU
		{D97DCDEF-FED1-4A10-983B-1C9A9D298B47}.Debug|x64.ActiveCfg = Debug|Any CPU
		{D97DCDEF-FED1-4A10-983B-1C9A9D298B47}.Debug|x64.Build.0 = Debug|Any CPU
		{D97DCDEF-FED1-4A10-983B-1C9A9D298B47}.Debug|x86.ActiveCfg = Debug|Any CPU
		{D97DCDEF-FED1-4A10-983B-1C9A9D298B47}.Debug|x86.Build.0 = Debug|Any CPU
		{D97DCDEF-FED1-4A10-983B-1C9A9D298B47}.Release|Any CPU.ActiveCfg = Release|Any CPU
		{D97DCDEF-FED1-4A10-983B-1C9A9D298B47}.Release|Any CPU.Build.0 = Release|Any CPU
		{D97DCDEF-FED1-4A10-983B-1C9A9D298B47}.Release|ARM.ActiveCfg = Release|Any CPU
		{D97DCDEF-FED1-4A10-983B-1C9A9D298B47}.Release|ARM.Build.0 = Release|Any CPU
		{D97DCDEF-FED1-4A10-983B-1C9A9D298B47}.Release|ARM64.ActiveCfg = Release|Any CPU
		{D97DCDEF-FED1-4A10-983B-1C9A9D298B47}.Release|ARM64.Build.0 = Release|Any CPU
		{D97DCDEF-FED1-4A10-983B-1C9A9D298B47}.Release|x64.ActiveCfg = Release|Any CPU
		{D97DCDEF-FED1-4A10-983B-1C9A9D298B47}.Release|x64.Build.0 = Release|Any CPU
		{D97DCDEF-FED1-4A10-983B-1C9A9D298B47}.Release|x86.ActiveCfg = Release|Any CPU
		{D97DCDEF-FED1-4A10-983B-1C9A9D298B47}.Release|x86.Build.0 = Release|Any CPU
		{217F6C99-C24E-4D8A-A87E-FA46EF4B6E22}.Debug|Any CPU.ActiveCfg = Debug|Any CPU
		{217F6C99-C24E-4D8A-A87E-FA46EF4B6E22}.Debug|Any CPU.Build.0 = Debug|Any CPU
		{217F6C99-C24E-4D8A-A87E-FA46EF4B6E22}.Debug|ARM.ActiveCfg = Debug|Any CPU
		{217F6C99-C24E-4D8A-A87E-FA46EF4B6E22}.Debug|ARM.Build.0 = Debug|Any CPU
		{217F6C99-C24E-4D8A-A87E-FA46EF4B6E22}.Debug|ARM64.ActiveCfg = Debug|Any CPU
		{217F6C99-C24E-4D8A-A87E-FA46EF4B6E22}.Debug|ARM64.Build.0 = Debug|Any CPU
		{217F6C99-C24E-4D8A-A87E-FA46EF4B6E22}.Debug|x64.ActiveCfg = Debug|Any CPU
		{217F6C99-C24E-4D8A-A87E-FA46EF4B6E22}.Debug|x64.Build.0 = Debug|Any CPU
		{217F6C99-C24E-4D8A-A87E-FA46EF4B6E22}.Debug|x86.ActiveCfg = Debug|Any CPU
		{217F6C99-C24E-4D8A-A87E-FA46EF4B6E22}.Debug|x86.Build.0 = Debug|Any CPU
		{217F6C99-C24E-4D8A-A87E-FA46EF4B6E22}.Release|Any CPU.ActiveCfg = Release|Any CPU
		{217F6C99-C24E-4D8A-A87E-FA46EF4B6E22}.Release|Any CPU.Build.0 = Release|Any CPU
		{217F6C99-C24E-4D8A-A87E-FA46EF4B6E22}.Release|ARM.ActiveCfg = Release|Any CPU
		{217F6C99-C24E-4D8A-A87E-FA46EF4B6E22}.Release|ARM.Build.0 = Release|Any CPU
		{217F6C99-C24E-4D8A-A87E-FA46EF4B6E22}.Release|ARM64.ActiveCfg = Release|Any CPU
		{217F6C99-C24E-4D8A-A87E-FA46EF4B6E22}.Release|ARM64.Build.0 = Release|Any CPU
		{217F6C99-C24E-4D8A-A87E-FA46EF4B6E22}.Release|x64.ActiveCfg = Release|Any CPU
		{217F6C99-C24E-4D8A-A87E-FA46EF4B6E22}.Release|x64.Build.0 = Release|Any CPU
		{217F6C99-C24E-4D8A-A87E-FA46EF4B6E22}.Release|x86.ActiveCfg = Release|Any CPU
		{217F6C99-C24E-4D8A-A87E-FA46EF4B6E22}.Release|x86.Build.0 = Release|Any CPU
	EndGlobalSection
	GlobalSection(SolutionProperties) = preSolution
		HideSolutionNode = FALSE
	EndGlobalSection
	GlobalSection(ExtensibilityGlobals) = postSolution
		SolutionGuid = {81BCF6EB-B5D5-4488-ADA5-9583A0169440}
	EndGlobalSection
EndGlobal
